
Microsoft Visual Studio Solution File, Format Version 12.00
# Visual Studio Version 16
VisualStudioVersion = 16.0.32106.194
MinimumVisualStudioVersion = 10.0.40219.1
Project("{00D1A9C2-B5F0-4AF3-8072-F6C62B433612}") = "sqlwtf", "sqlwtf\sqlwtf.sqlproj", "{425AB8E2-389C-455C-B24A-4F41ECA39B96}"
EndProject
Global
	GlobalSection(SolutionConfigurationPlatforms) = preSolution
		Debug|Any CPU = Debug|Any CPU
		Release|Any CPU = Release|Any CPU
	EndGlobalSection
	GlobalSection(ProjectConfigurationPlatforms) = postSolution
		{425AB8E2-389C-455C-B24A-4F41ECA39B96}.Debug|Any CPU.ActiveCfg = Debug|Any CPU
		{425AB8E2-389C-455C-B24A-4F41ECA39B96}.Debug|Any CPU.Build.0 = Debug|Any CPU
		{425AB8E2-389C-455C-B24A-4F41ECA39B96}.Debug|Any CPU.Deploy.0 = Debug|Any CPU
		{425AB8E2-389C-455C-B24A-4F41ECA39B96}.Release|Any CPU.ActiveCfg = Release|Any CPU
		{425AB8E2-389C-455C-B24A-4F41ECA39B96}.Release|Any CPU.Build.0 = Release|Any CPU
		{425AB8E2-389C-455C-B24A-4F41ECA39B96}.Release|Any CPU.Deploy.0 = Release|Any CPU
	EndGlobalSection
	GlobalSection(SolutionProperties) = preSolution
		HideSolutionNode = FALSE
	EndGlobalSection
	GlobalSection(ExtensibilityGlobals) = postSolution
		SolutionGuid = {5ED1AFFD-A76C-4FC2-AECC-8587A7DE697F}
	EndGlobalSection
EndGlobal
