
Microsoft Visual Studio Solution File, Format Version 12.00
# Visual Studio Version 16
VisualStudioVersion = 16.0.32126.315
MinimumVisualStudioVersion = 10.0.40219.1
Project("{FAE04EC0-301F-11D3-BF4B-00C04F79EFBC}") = "leetcideexer", "leetcideexer\leetcideexer.csproj", "{5DD9A90E-5187-4754-AE56-17E1ECE24D01}"
EndProject
Global
	GlobalSection(SolutionConfigurationPlatforms) = preSolution
		Debug|Any CPU = Debug|Any CPU
		Release|Any CPU = Release|Any CPU
	EndGlobalSection
	GlobalSection(ProjectConfigurationPlatforms) = postSolution
		{5DD9A90E-5187-4754-AE56-17E1ECE24D01}.Debug|Any CPU.ActiveCfg = Debug|Any CPU
		{5DD9A90E-5187-4754-AE56-17E1ECE24D01}.Debug|Any CPU.Build.0 = Debug|Any CPU
		{5DD9A90E-5187-4754-AE56-17E1ECE24D01}.Release|Any CPU.ActiveCfg = Release|Any CPU
		{5DD9A90E-5187-4754-AE56-17E1ECE24D01}.Release|Any CPU.Build.0 = Release|Any CPU
	EndGlobalSection
	GlobalSection(SolutionProperties) = preSolution
		HideSolutionNode = FALSE
	EndGlobalSection
	GlobalSection(ExtensibilityGlobals) = postSolution
		SolutionGuid = {7581BF9E-198D-4601-9EB1-EA85D0B68D3C}
	EndGlobalSection
EndGlobal
