
Microsoft Visual Studio Solution File, Format Version 12.00
# Visual Studio Version 16
VisualStudioVersion = 16.0.31727.386
MinimumVisualStudioVersion = 10.0.40219.1
Project("{FAE04EC0-301F-11D3-BF4B-00C04F79EFBC}") = "l5", "l5\l5.csproj", "{C228E0F8-07F8-48D8-9097-5B3D6B093B6F}"
EndProject
Global
	GlobalSection(SolutionConfigurationPlatforms) = preSolution
		Debug|Any CPU = Debug|Any CPU
		Release|Any CPU = Release|Any CPU
	EndGlobalSection
	GlobalSection(ProjectConfigurationPlatforms) = postSolution
		{C228E0F8-07F8-48D8-9097-5B3D6B093B6F}.Debug|Any CPU.ActiveCfg = Debug|Any CPU
		{C228E0F8-07F8-48D8-9097-5B3D6B093B6F}.Debug|Any CPU.Build.0 = Debug|Any CPU
		{C228E0F8-07F8-48D8-9097-5B3D6B093B6F}.Release|Any CPU.ActiveCfg = Release|Any CPU
		{C228E0F8-07F8-48D8-9097-5B3D6B093B6F}.Release|Any CPU.Build.0 = Release|Any CPU
	EndGlobalSection
	GlobalSection(SolutionProperties) = preSolution
		HideSolutionNode = FALSE
	EndGlobalSection
	GlobalSection(ExtensibilityGlobals) = postSolution
		SolutionGuid = {F6922147-9697-4E6B-960B-85DC96EE5D7A}
	EndGlobalSection
EndGlobal
