
Microsoft Visual Studio Solution File, Format Version 12.00
# Visual Studio Version 16
VisualStudioVersion = 16.0.31727.386
MinimumVisualStudioVersion = 10.0.40219.1
Project("{FAE04EC0-301F-11D3-BF4B-00C04F79EFBC}") = "laborator1.2", "laborator1.2\laborator1.2.csproj", "{DFC8C34E-9113-4631-A47C-63DCD2B481BD}"
EndProject
Global
	GlobalSection(SolutionConfigurationPlatforms) = preSolution
		Debug|Any CPU = Debug|Any CPU
		Release|Any CPU = Release|Any CPU
	EndGlobalSection
	GlobalSection(ProjectConfigurationPlatforms) = postSolution
		{DFC8C34E-9113-4631-A47C-63DCD2B481BD}.Debug|Any CPU.ActiveCfg = Debug|Any CPU
		{DFC8C34E-9113-4631-A47C-63DCD2B481BD}.Debug|Any CPU.Build.0 = Debug|Any CPU
		{DFC8C34E-9113-4631-A47C-63DCD2B481BD}.Release|Any CPU.ActiveCfg = Release|Any CPU
		{DFC8C34E-9113-4631-A47C-63DCD2B481BD}.Release|Any CPU.Build.0 = Release|Any CPU
	EndGlobalSection
	GlobalSection(SolutionProperties) = preSolution
		HideSolutionNode = FALSE
	EndGlobalSection
	GlobalSection(ExtensibilityGlobals) = postSolution
		SolutionGuid = {0635967F-95C2-45CB-A95C-7DE0BA3C8B97}
	EndGlobalSection
EndGlobal
